// !$*UTF8*$!
{ archiveVersion = 1; classes = {}; objectVersion = 60; objects = {
A771FBEA602E4F7AAF56C101 = {isa = PBXFileReference; lastKnownFileType = text.xcconfig; path = Config/Version.xcconfig; sourceTree = SOURCE_ROOT; };
77BCB40E2DC6BFF7A2995EE6 = {isa = PBXFileReference; lastKnownFileType = sourcecode.swift; path = "Sources/UdaraApp/AQIStyle.swift"; sourceTree = SOURCE_ROOT; };
9463A42F79F3B4B1A9C4ACEB = {isa = PBXBuildFile; fileRef = 77BCB40E2DC6BFF7A2995EE6; };
ECA4EAE96BFD720DA4F56380 = {isa = PBXFileReference; lastKnownFileType = sourcecode.swift; path = "Sources/UdaraApp/CitySearchView.swift"; sourceTree = SOURCE_ROOT; };
0C95C74EFFAE38A4B671EBE9 = {isa = PBXBuildFile; fileRef = ECA4EAE96BFD720DA4F56380; };
1F3E79C74F400E3E5927EBE3 = {isa = PBXFileReference; lastKnownFileType = sourcecode.swift; path = "Sources/UdaraApp/MenuView.swift"; sourceTree = SOURCE_ROOT; };
1EB7FF2F0DC4C07FED4AAE89 = {isa = PBXBuildFile; fileRef = 1F3E79C74F400E3E5927EBE3; };
B670CEA90611A6E66DF4F2BA = {isa = PBXFileReference; lastKnownFileType = sourcecode.swift; path = "Sources/UdaraApp/PreviewFixtures.swift"; sourceTree = SOURCE_ROOT; };
701B551C1445A2DA3261E7BE = {isa = PBXBuildFile; fileRef = B670CEA90611A6E66DF4F2BA; };
5B6C6FE3851FA5C74956EA1E = {isa = PBXFileReference; lastKnownFileType = sourcecode.swift; path = "Sources/UdaraApp/UdaraApp.swift"; sourceTree = SOURCE_ROOT; };
EA71DA4BEC81FD12EB0F7287 = {isa = PBXBuildFile; fileRef = 5B6C6FE3851FA5C74956EA1E; };
EB59D57C9151BFD58BE4C744 = {isa = PBXFileReference; lastKnownFileType = sourcecode.swift; path = "Sources/UdaraCore/AppStore.swift"; sourceTree = SOURCE_ROOT; };
A47F904C9806AD498E493DE5 = {isa = PBXBuildFile; fileRef = EB59D57C9151BFD58BE4C744; };
A761E613E2CCD6B039D1FDE9 = {isa = PBXFileReference; lastKnownFileType = sourcecode.swift; path = "Sources/UdaraCore/ForecastRepository.swift"; sourceTree = SOURCE_ROOT; };
AF104278025D07A3FF9942FA = {isa = PBXBuildFile; fileRef = A761E613E2CCD6B039D1FDE9; };
13FBC4F78550EB2C50CE2F06 = {isa = PBXFileReference; lastKnownFileType = sourcecode.swift; path = "Sources/UdaraCore/Models.swift"; sourceTree = SOURCE_ROOT; };
2CB2FBBA34B544E8FD283B2B = {isa = PBXBuildFile; fileRef = 13FBC4F78550EB2C50CE2F06; };
64539BC4DBE939C3A463A7E2 = {isa = PBXFileReference; lastKnownFileType = sourcecode.swift; path = "Sources/UdaraCore/OpenMeteoProvider.swift"; sourceTree = SOURCE_ROOT; };
A28346720D170EEF677F4ABC = {isa = PBXBuildFile; fileRef = 64539BC4DBE939C3A463A7E2; };
4E5A3111558ACD510DC0A330 = {isa = PBXFileReference; lastKnownFileType = sourcecode.swift; path = "Sources/UdaraCore/Persistence.swift"; sourceTree = SOURCE_ROOT; };
4B9C175F32E39B1BC65244A1 = {isa = PBXBuildFile; fileRef = 4E5A3111558ACD510DC0A330; };
F8995BA5891B07E328C60D6B = {isa = PBXFileReference; lastKnownFileType = image.icns; path = Sources/UdaraApp/Resources/AppIcon.icns; sourceTree = SOURCE_ROOT; };
74C2431FE30C4A47C8443B80 = {isa = PBXBuildFile; fileRef = F8995BA5891B07E328C60D6B; };
C9995B7D46F1674E8D030C57 = {isa = PBXGroup; children = (77BCB40E2DC6BFF7A2995EE6, ECA4EAE96BFD720DA4F56380, 1F3E79C74F400E3E5927EBE3, B670CEA90611A6E66DF4F2BA, 5B6C6FE3851FA5C74956EA1E, EB59D57C9151BFD58BE4C744, A761E613E2CCD6B039D1FDE9, 13FBC4F78550EB2C50CE2F06, 64539BC4DBE939C3A463A7E2, 4E5A3111558ACD510DC0A330, F8995BA5891B07E328C60D6B,); name = "Udara"; sourceTree = "<group>"; };
B8D8F9704DB1D701D687F110 = {isa = PBXFileReference; explicitFileType = wrapper.application; path = Udara.app; sourceTree = BUILT_PRODUCTS_DIR; };
F2175A1269F1F559E3F8BB22 = {isa = PBXSourcesBuildPhase; buildActionMask = 2147483647; files = (9463A42F79F3B4B1A9C4ACEB, 0C95C74EFFAE38A4B671EBE9, 1EB7FF2F0DC4C07FED4AAE89, 701B551C1445A2DA3261E7BE, EA71DA4BEC81FD12EB0F7287, A47F904C9806AD498E493DE5, AF104278025D07A3FF9942FA, 2CB2FBBA34B544E8FD283B2B, A28346720D170EEF677F4ABC, 4B9C175F32E39B1BC65244A1,); runOnlyForDeploymentPostprocessing = 0; };
6BFBEAD8A357022AFF695D48 = {isa = PBXResourcesBuildPhase; buildActionMask = 2147483647; files = (74C2431FE30C4A47C8443B80,); runOnlyForDeploymentPostprocessing = 0; };
BEDBDDF8698563B2C8BDB762 = {isa = PBXFrameworksBuildPhase; buildActionMask = 2147483647; files = (); runOnlyForDeploymentPostprocessing = 0; };
F67EF8D6571D0E27AF557F27 = {isa = XCBuildConfiguration; buildSettings = {PRODUCT_NAME = "$(TARGET_NAME)"; PRODUCT_BUNDLE_IDENTIFIER = "local.udara.udara"; GENERATE_INFOPLIST_FILE = "YES"; SWIFT_VERSION = "6.0"; MACOSX_DEPLOYMENT_TARGET = "26.0"; CODE_SIGN_STYLE = "Manual"; CODE_SIGN_IDENTITY = "-"; COMBINE_HIDPI_IMAGES = "YES"; ENABLE_HARDENED_RUNTIME = "YES"; LD_RUNPATH_SEARCH_PATHS = "$(inherited) @executable_path/../Frameworks @loader_path/../Frameworks"; INFOPLIST_KEY_LSUIElement = "YES"; INFOPLIST_KEY_NSLocationUsageDescription = "Udara uses your approximate location to show local air quality. Coordinates are sent to Open-Meteo to retrieve forecasts."; INFOPLIST_KEY_NSLocationWhenInUseUsageDescription = "Udara uses your approximate location to show local air quality."; INFOPLIST_KEY_CFBundleDisplayName = "Udara"; INFOPLIST_KEY_CFBundleIconFile = "AppIcon"; CODE_SIGN_ENTITLEMENTS = "Config/Udara.entitlements"; ENABLE_APP_SANDBOX = "YES"; ENABLE_OUTGOING_NETWORK_CONNECTIONS = "YES"; ENABLE_PREVIEWS = "YES"; }; name = Debug; };
D84CD51EAA7D7F6A2D821804 = {isa = XCBuildConfiguration; buildSettings = {PRODUCT_NAME = "$(TARGET_NAME)"; PRODUCT_BUNDLE_IDENTIFIER = "local.udara.udara"; GENERATE_INFOPLIST_FILE = "YES"; SWIFT_VERSION = "6.0"; MACOSX_DEPLOYMENT_TARGET = "26.0"; CODE_SIGN_STYLE = "Manual"; CODE_SIGN_IDENTITY = "-"; COMBINE_HIDPI_IMAGES = "YES"; ENABLE_HARDENED_RUNTIME = "YES"; LD_RUNPATH_SEARCH_PATHS = "$(inherited) @executable_path/../Frameworks @loader_path/../Frameworks"; INFOPLIST_KEY_LSUIElement = "YES"; INFOPLIST_KEY_NSLocationUsageDescription = "Udara uses your approximate location to show local air quality. Coordinates are sent to Open-Meteo to retrieve forecasts."; INFOPLIST_KEY_NSLocationWhenInUseUsageDescription = "Udara uses your approximate location to show local air quality."; INFOPLIST_KEY_CFBundleDisplayName = "Udara"; INFOPLIST_KEY_CFBundleIconFile = "AppIcon"; CODE_SIGN_ENTITLEMENTS = "Config/Udara.entitlements"; ENABLE_APP_SANDBOX = "YES"; ENABLE_OUTGOING_NETWORK_CONNECTIONS = "YES"; ENABLE_PREVIEWS = "YES"; ARCHS = "arm64 x86_64"; ONLY_ACTIVE_ARCH = "NO"; }; name = Release; };
F12FB8BF95694EED28D196F6 = {isa = XCConfigurationList; buildConfigurations = (F67EF8D6571D0E27AF557F27, D84CD51EAA7D7F6A2D821804,); defaultConfigurationIsVisible = 0; defaultConfigurationName = Release; };
B98435DBCFF54112ACE08B61 = {isa = PBXNativeTarget; buildConfigurationList = F12FB8BF95694EED28D196F6; buildPhases = (F2175A1269F1F559E3F8BB22, BEDBDDF8698563B2C8BDB762, 6BFBEAD8A357022AFF695D48,); buildRules = (); dependencies = (); name = Udara; productName = Udara; productReference = B8D8F9704DB1D701D687F110; productType = "com.apple.product-type.application"; };
D2E3C6960BB05EB91AAE2153 = {isa = PBXFileReference; lastKnownFileType = sourcecode.swift; path = "Tests/UdaraTests/DataTests.swift"; sourceTree = SOURCE_ROOT; };
7DB3169FAB3FF4D657F1CAB8 = {isa = PBXBuildFile; fileRef = D2E3C6960BB05EB91AAE2153; };
CB0EC071279F3D4064CB7CDB = {isa = PBXFileReference; lastKnownFileType = sourcecode.swift; path = "Tests/UdaraTests/DomainTests.swift"; sourceTree = SOURCE_ROOT; };
C6FC2C772B36793F5BEE011F = {isa = PBXBuildFile; fileRef = CB0EC071279F3D4064CB7CDB; };
FEDBACFCED21FD763E035D5E = {isa = PBXFileReference; lastKnownFileType = sourcecode.swift; path = "Tests/UdaraTests/ResilienceTests.swift"; sourceTree = SOURCE_ROOT; };
FA22448A3A989D81E67FDD79 = {isa = PBXBuildFile; fileRef = FEDBACFCED21FD763E035D5E; };
E8E34F67B54AFD4FAB6D90A7 = {isa = PBXFileReference; lastKnownFileType = sourcecode.swift; path = "Tests/UdaraTests/StoreTests.swift"; sourceTree = SOURCE_ROOT; };
B9F5C7DED4039C723C815D45 = {isa = PBXBuildFile; fileRef = E8E34F67B54AFD4FAB6D90A7; };
2AAF0A78C2A5C802E890858A = {isa = PBXGroup; children = (D2E3C6960BB05EB91AAE2153, CB0EC071279F3D4064CB7CDB, FEDBACFCED21FD763E035D5E, E8E34F67B54AFD4FAB6D90A7,); name = "UdaraTests"; sourceTree = "<group>"; };
667B0C2C8FD2B93641C57C7A = {isa = PBXFileReference; explicitFileType = wrapper.cfbundle; path = UdaraTests.xctest; sourceTree = BUILT_PRODUCTS_DIR; };
59B3E442CB91C287CF10BE4D = {isa = PBXSourcesBuildPhase; buildActionMask = 2147483647; files = (7DB3169FAB3FF4D657F1CAB8, C6FC2C772B36793F5BEE011F, FA22448A3A989D81E67FDD79, B9F5C7DED4039C723C815D45,); runOnlyForDeploymentPostprocessing = 0; };
1161A76AED786ADD03F8F9D8 = {isa = PBXResourcesBuildPhase; buildActionMask = 2147483647; files = (); runOnlyForDeploymentPostprocessing = 0; };
E73F020643FAF45FDFEF40A5 = {isa = PBXFrameworksBuildPhase; buildActionMask = 2147483647; files = (); runOnlyForDeploymentPostprocessing = 0; };
D6E69E9D294760935A107F4D = {isa = XCBuildConfiguration; buildSettings = {PRODUCT_NAME = "$(TARGET_NAME)"; PRODUCT_BUNDLE_IDENTIFIER = "local.udara.udaratests"; GENERATE_INFOPLIST_FILE = "YES"; SWIFT_VERSION = "6.0"; MACOSX_DEPLOYMENT_TARGET = "26.0"; CODE_SIGN_STYLE = "Manual"; CODE_SIGN_IDENTITY = "-"; COMBINE_HIDPI_IMAGES = "YES"; ENABLE_HARDENED_RUNTIME = "NO"; LD_RUNPATH_SEARCH_PATHS = "$(inherited) @executable_path/../Frameworks @loader_path/../Frameworks"; TEST_HOST = "$(BUILT_PRODUCTS_DIR)/Udara.app/Contents/MacOS/Udara"; BUNDLE_LOADER = "$(TEST_HOST)"; TEST_TARGET_NAME = "Udara"; }; name = Debug; };
9FD44FA60FD58E7C9444643C = {isa = XCBuildConfiguration; buildSettings = {PRODUCT_NAME = "$(TARGET_NAME)"; PRODUCT_BUNDLE_IDENTIFIER = "local.udara.udaratests"; GENERATE_INFOPLIST_FILE = "YES"; SWIFT_VERSION = "6.0"; MACOSX_DEPLOYMENT_TARGET = "26.0"; CODE_SIGN_STYLE = "Manual"; CODE_SIGN_IDENTITY = "-"; COMBINE_HIDPI_IMAGES = "YES"; ENABLE_HARDENED_RUNTIME = "NO"; LD_RUNPATH_SEARCH_PATHS = "$(inherited) @executable_path/../Frameworks @loader_path/../Frameworks"; TEST_HOST = "$(BUILT_PRODUCTS_DIR)/Udara.app/Contents/MacOS/Udara"; BUNDLE_LOADER = "$(TEST_HOST)"; TEST_TARGET_NAME = "Udara"; ARCHS = "arm64 x86_64"; ONLY_ACTIVE_ARCH = "NO"; }; name = Release; };
376EE9DA5DE7FA9188571BD2 = {isa = XCConfigurationList; buildConfigurations = (D6E69E9D294760935A107F4D, 9FD44FA60FD58E7C9444643C,); defaultConfigurationIsVisible = 0; defaultConfigurationName = Release; };
A3891A56A0404BAE6CBFA1F5 = {isa = PBXContainerItemProxy; containerPortal = 98F54143AB4E86B28C3AFEE0; proxyType = 1; remoteGlobalIDString = B98435DBCFF54112ACE08B61; remoteInfo = Udara; };
12A2796D90017F98AEB9621C = {isa = PBXTargetDependency; target = B98435DBCFF54112ACE08B61; targetProxy = A3891A56A0404BAE6CBFA1F5; };
B51CED37A83A283F4FCCFE67 = {isa = PBXNativeTarget; buildConfigurationList = 376EE9DA5DE7FA9188571BD2; buildPhases = (59B3E442CB91C287CF10BE4D, E73F020643FAF45FDFEF40A5, 1161A76AED786ADD03F8F9D8,); buildRules = (); dependencies = (12A2796D90017F98AEB9621C,); name = UdaraTests; productName = UdaraTests; productReference = 667B0C2C8FD2B93641C57C7A; productType = "com.apple.product-type.bundle.unit-test"; };
386AF02877FEC6B6E5B6F97F = {isa = PBXFileReference; lastKnownFileType = sourcecode.swift; path = "Tests/UdaraUITests/UdaraUITests.swift"; sourceTree = SOURCE_ROOT; };
C0D246AAD69CEFC2A5881865 = {isa = PBXBuildFile; fileRef = 386AF02877FEC6B6E5B6F97F; };
112510CE662942C48D3612E5 = {isa = PBXGroup; children = (386AF02877FEC6B6E5B6F97F,); name = "UdaraUITests"; sourceTree = "<group>"; };
684C2BAA0602DFABD257AFD2 = {isa = PBXFileReference; explicitFileType = wrapper.cfbundle; path = UdaraUITests.xctest; sourceTree = BUILT_PRODUCTS_DIR; };
3B7CC9381D9AE8D33CFE6AE6 = {isa = PBXSourcesBuildPhase; buildActionMask = 2147483647; files = (C0D246AAD69CEFC2A5881865,); runOnlyForDeploymentPostprocessing = 0; };
8306E064597EDABFDED0CEE6 = {isa = PBXResourcesBuildPhase; buildActionMask = 2147483647; files = (); runOnlyForDeploymentPostprocessing = 0; };
E6F5B222B16EFFD77E4A6B2E = {isa = PBXFrameworksBuildPhase; buildActionMask = 2147483647; files = (); runOnlyForDeploymentPostprocessing = 0; };
50BF9E7A620EEA6E32570F2C = {isa = XCBuildConfiguration; buildSettings = {PRODUCT_NAME = "$(TARGET_NAME)"; PRODUCT_BUNDLE_IDENTIFIER = "local.udara.udarauitests"; GENERATE_INFOPLIST_FILE = "YES"; SWIFT_VERSION = "6.0"; MACOSX_DEPLOYMENT_TARGET = "26.0"; CODE_SIGN_STYLE = "Manual"; CODE_SIGN_IDENTITY = "-"; COMBINE_HIDPI_IMAGES = "YES"; ENABLE_HARDENED_RUNTIME = "NO"; LD_RUNPATH_SEARCH_PATHS = "$(inherited) @executable_path/../Frameworks @loader_path/../Frameworks"; TEST_TARGET_NAME = "Udara"; }; name = Debug; };
A1BFC0A3930EFD47479ADA25 = {isa = XCBuildConfiguration; buildSettings = {PRODUCT_NAME = "$(TARGET_NAME)"; PRODUCT_BUNDLE_IDENTIFIER = "local.udara.udarauitests"; GENERATE_INFOPLIST_FILE = "YES"; SWIFT_VERSION = "6.0"; MACOSX_DEPLOYMENT_TARGET = "26.0"; CODE_SIGN_STYLE = "Manual"; CODE_SIGN_IDENTITY = "-"; COMBINE_HIDPI_IMAGES = "YES"; ENABLE_HARDENED_RUNTIME = "NO"; LD_RUNPATH_SEARCH_PATHS = "$(inherited) @executable_path/../Frameworks @loader_path/../Frameworks"; TEST_TARGET_NAME = "Udara"; ARCHS = "arm64 x86_64"; ONLY_ACTIVE_ARCH = "NO"; }; name = Release; };
F0167A9A213136C79EF9C84C = {isa = XCConfigurationList; buildConfigurations = (50BF9E7A620EEA6E32570F2C, A1BFC0A3930EFD47479ADA25,); defaultConfigurationIsVisible = 0; defaultConfigurationName = Release; };
963B4E7EC44E751E2CC461B1 = {isa = PBXContainerItemProxy; containerPortal = 98F54143AB4E86B28C3AFEE0; proxyType = 1; remoteGlobalIDString = B98435DBCFF54112ACE08B61; remoteInfo = Udara; };
AAB5903879447066D1C71DFE = {isa = PBXTargetDependency; target = B98435DBCFF54112ACE08B61; targetProxy = 963B4E7EC44E751E2CC461B1; };
3922BADC8D721C751F718E5F = {isa = PBXNativeTarget; buildConfigurationList = F0167A9A213136C79EF9C84C; buildPhases = (3B7CC9381D9AE8D33CFE6AE6, E6F5B222B16EFFD77E4A6B2E, 8306E064597EDABFDED0CEE6,); buildRules = (); dependencies = (AAB5903879447066D1C71DFE,); name = UdaraUITests; productName = UdaraUITests; productReference = 684C2BAA0602DFABD257AFD2; productType = "com.apple.product-type.bundle.ui-testing"; };
FBDC4F23F93125BBEEAE800C = {isa = PBXGroup; children = (B8D8F9704DB1D701D687F110, 667B0C2C8FD2B93641C57C7A, 684C2BAA0602DFABD257AFD2,); name = Products; sourceTree = "<group>"; };
B28B7AF69320201D1CF206EB = {isa = PBXGroup; children = (A771FBEA602E4F7AAF56C101, C9995B7D46F1674E8D030C57, 2AAF0A78C2A5C802E890858A, 112510CE662942C48D3612E5, FBDC4F23F93125BBEEAE800C,); sourceTree = "<group>"; };
89E1FD6268CC0F221A2BE178 = {isa = XCBuildConfiguration; baseConfigurationReference = A771FBEA602E4F7AAF56C101; buildSettings = {CLANG_ENABLE_MODULES = "YES"; SDKROOT = "macosx"; SWIFT_STRICT_CONCURRENCY = "complete"; SWIFT_OPTIMIZATION_LEVEL = "-Onone"; DEBUG_INFORMATION_FORMAT = "dwarf"; ENABLE_TESTABILITY = "YES"; ONLY_ACTIVE_ARCH = "YES"; SWIFT_ACTIVE_COMPILATION_CONDITIONS = "DEBUG $(inherited)"; }; name = Debug; };
E6DE6C99132752C914FEF632 = {isa = XCBuildConfiguration; baseConfigurationReference = A771FBEA602E4F7AAF56C101; buildSettings = {CLANG_ENABLE_MODULES = "YES"; SDKROOT = "macosx"; SWIFT_STRICT_CONCURRENCY = "complete"; SWIFT_OPTIMIZATION_LEVEL = "-O"; DEBUG_INFORMATION_FORMAT = "dwarf-with-dsym"; ENABLE_TESTABILITY = "NO"; ONLY_ACTIVE_ARCH = "NO"; SWIFT_ACTIVE_COMPILATION_CONDITIONS = "$(inherited)"; }; name = Release; };
862894B703A6DEDF96A9DD6C = {isa = XCConfigurationList; buildConfigurations = (89E1FD6268CC0F221A2BE178, E6DE6C99132752C914FEF632,); defaultConfigurationIsVisible = 0; defaultConfigurationName = Release; };
98F54143AB4E86B28C3AFEE0 = {isa = PBXProject; attributes = {BuildIndependentTargetsInParallel = YES; LastUpgradeCheck = 2700; }; buildConfigurationList = 862894B703A6DEDF96A9DD6C; compatibilityVersion = "Xcode 15.0"; developmentRegion = en; hasScannedForEncodings = 0; knownRegions = (en, Base); mainGroup = B28B7AF69320201D1CF206EB; productRefGroup = FBDC4F23F93125BBEEAE800C; projectDirPath = ""; projectRoot = ""; targets = (B98435DBCFF54112ACE08B61, B51CED37A83A283F4FCCFE67, 3922BADC8D721C751F718E5F,); };
}; rootObject = 98F54143AB4E86B28C3AFEE0; }
